
Microsoft Visual Studio Solution File, Format Version 12.00
# Visual Studio Version 17
VisualStudioVersion = 17.3.32922.545
MinimumVisualStudioVersion = 10.0.40219.1
Project("{FAE04EC0-301F-11D3-BF4B-00C04F79EFBC}") = "Lab8.Server", "Lab8.Server\Lab8.Server.csproj", "{E43B944A-D872-48DB-8208-C7F7B848DACB}"
EndProject
Global
	GlobalSection(SolutionConfigurationPlatforms) = preSolution
		Debug|Any CPU = Debug|Any CPU
		Release|Any CPU = Release|Any CPU
	EndGlobalSection
	GlobalSection(ProjectConfigurationPlatforms) = postSolution
		{E43B944A-D872-48DB-8208-C7F7B848DACB}.Debug|Any CPU.ActiveCfg = Debug|Any CPU
		{E43B944A-D872-48DB-8208-C7F7B848DACB}.Debug|Any CPU.Build.0 = Debug|Any CPU
		{E43B944A-D872-48DB-8208-C7F7B848DACB}.Release|Any CPU.ActiveCfg = Release|Any CPU
		{E43B944A-D872-48DB-8208-C7F7B848DACB}.Release|Any CPU.Build.0 = Release|Any CPU
	EndGlobalSection
	GlobalSection(SolutionProperties) = preSolution
		HideSolutionNode = FALSE
	EndGlobalSection
	GlobalSection(ExtensibilityGlobals) = postSolution
		SolutionGuid = {F628C5E3-E4F8-4BA7-8948-82BCBC0B1230}
	EndGlobalSection
EndGlobal
